// !$*UTF8*$!
{
	archiveVersion = 1;
	classes = {
	};
	objectVersion = 55;
	objects = {

/* Begin PBXBuildFile section */
		CE490FE326BC756800FFFB12 /* InputDetailsScreen_mac.swift in Sources */ = {isa = PBXBuildFile; fileRef = CE490FE226BC756800FFFB12 /* InputDetailsScreen_mac.swift */; };
		CEB80F7A26B91344000D317B /* Light_Navigation_Architecture_on_MacApp.swift in Sources */ = {isa = PBXBuildFile; fileRef = CEB80F6C26B91344000D317B /* Light_Navigation_Architecture_on_MacApp.swift */; };
		CEB80F7B26B91344000D317B /* Light_Navigation_Architecture_on_MacApp.swift in Sources */ = {isa = PBXBuildFile; fileRef = CEB80F6C26B91344000D317B /* Light_Navigation_Architecture_on_MacApp.swift */; };
		CEB80F7C26B91344000D317B /* ContentView.swift in Sources */ = {isa = PBXBuildFile; fileRef = CEB80F6D26B91344000D317B /* ContentView.swift */; };
		CEB80F7D26B91344000D317B /* ContentView.swift in Sources */ = {isa = PBXBuildFile; fileRef = CEB80F6D26B91344000D317B /* ContentView.swift */; };
		CEB80F7E26B91344000D317B /* Assets.xcassets in Resources */ = {isa = PBXBuildFile; fileRef = CEB80F6E26B91344000D317B /* Assets.xcassets */; };
		CEB80F7F26B91344000D317B /* Assets.xcassets in Resources */ = {isa = PBXBuildFile; fileRef = CEB80F6E26B91344000D317B /* Assets.xcassets */; };
		CEB80F8926B9140C000D317B /* Container.swift in Sources */ = {isa = PBXBuildFile; fileRef = CEB80F8826B9140C000D317B /* Container.swift */; };
		CEB80F8A26B9140C000D317B /* Container.swift in Sources */ = {isa = PBXBuildFile; fileRef = CEB80F8826B9140C000D317B /* Container.swift */; };
		CEB80F8C26B9141F000D317B /* AppState.swift in Sources */ = {isa = PBXBuildFile; fileRef = CEB80F8B26B9141F000D317B /* AppState.swift */; };
		CEB80F8D26B9141F000D317B /* AppState.swift in Sources */ = {isa = PBXBuildFile; fileRef = CEB80F8B26B9141F000D317B /* AppState.swift */; };
		CEB80F8F26B9142D000D317B /* Models.swift in Sources */ = {isa = PBXBuildFile; fileRef = CEB80F8E26B9142D000D317B /* Models.swift */; };
		CEB80F9026B9142D000D317B /* Models.swift in Sources */ = {isa = PBXBuildFile; fileRef = CEB80F8E26B9142D000D317B /* Models.swift */; };
		CEB80F9226B9143F000D317B /* StackAction.swift in Sources */ = {isa = PBXBuildFile; fileRef = CEB80F9126B9143F000D317B /* StackAction.swift */; };
		CEB80F9526B9145D000D317B /* Router.swift in Sources */ = {isa = PBXBuildFile; fileRef = CEB80F9426B9145D000D317B /* Router.swift */; };
		CEB80F9826B9146F000D317B /* StackScreenViewController.swift in Sources */ = {isa = PBXBuildFile; fileRef = CEB80F9726B9146F000D317B /* StackScreenViewController.swift */; };
		CEB80F9B26B9147D000D317B /* ScreenFactory.swift in Sources */ = {isa = PBXBuildFile; fileRef = CEB80F9A26B9147D000D317B /* ScreenFactory.swift */; };
		CEB80F9E26B9148A000D317B /* NavigationBar.swift in Sources */ = {isa = PBXBuildFile; fileRef = CEB80F9D26B9148A000D317B /* NavigationBar.swift */; };
		CEB80FA126B91497000D317B /* Strategy.swift in Sources */ = {isa = PBXBuildFile; fileRef = CEB80FA026B91497000D317B /* Strategy.swift */; };
		CEB80FA426B914AA000D317B /* NavigationBarModifier.swift in Sources */ = {isa = PBXBuildFile; fileRef = CEB80FA326B914AA000D317B /* NavigationBarModifier.swift */; };
		CEB80FA726B914BB000D317B /* NavigationController.swift in Sources */ = {isa = PBXBuildFile; fileRef = CEB80FA626B914BB000D317B /* NavigationController.swift */; };
		CEB80FAA26B914E2000D317B /* TaskNavigationController.swift in Sources */ = {isa = PBXBuildFile; fileRef = CEB80FA926B914E2000D317B /* TaskNavigationController.swift */; };
		CEB80FAD26B914F1000D317B /* ProjectNavigationController.swift in Sources */ = {isa = PBXBuildFile; fileRef = CEB80FAC26B914F1000D317B /* ProjectNavigationController.swift */; };
		CEB80FB026B91502000D317B /* InboxNavigationController.swift in Sources */ = {isa = PBXBuildFile; fileRef = CEB80FAF26B91502000D317B /* InboxNavigationController.swift */; };
		CEB80FB326B9150F000D317B /* TaskScreen.swift in Sources */ = {isa = PBXBuildFile; fileRef = CEB80FB226B9150F000D317B /* TaskScreen.swift */; };
		CEB80FB626B91524000D317B /* TaskDetailsScreen.swift in Sources */ = {isa = PBXBuildFile; fileRef = CEB80FB526B91524000D317B /* TaskDetailsScreen.swift */; };
		CEB80FB926B9153A000D317B /* ProjectsScreen.swift in Sources */ = {isa = PBXBuildFile; fileRef = CEB80FB826B9153A000D317B /* ProjectsScreen.swift */; };
		CEB80FBC26B91664000D317B /* ProjectDetailsScreen.swift in Sources */ = {isa = PBXBuildFile; fileRef = CEB80FBB26B91664000D317B /* ProjectDetailsScreen.swift */; };
		CEB80FBF26B9167A000D317B /* InputDetailsScreen.swift in Sources */ = {isa = PBXBuildFile; fileRef = CEB80FBE26B9167A000D317B /* InputDetailsScreen.swift */; };
		CEB80FC226B91689000D317B /* CustomButtonStyle.swift in Sources */ = {isa = PBXBuildFile; fileRef = CEB80FC126B91689000D317B /* CustomButtonStyle.swift */; };
		CEB80FC326B91689000D317B /* CustomButtonStyle.swift in Sources */ = {isa = PBXBuildFile; fileRef = CEB80FC126B91689000D317B /* CustomButtonStyle.swift */; };
		CEB80FC526B9169E000D317B /* CustomtextfieldStyle.swift in Sources */ = {isa = PBXBuildFile; fileRef = CEB80FC426B9169E000D317B /* CustomtextfieldStyle.swift */; };
		CEB80FC626B9169E000D317B /* CustomtextfieldStyle.swift in Sources */ = {isa = PBXBuildFile; fileRef = CEB80FC426B9169E000D317B /* CustomtextfieldStyle.swift */; };
		CEB80FC826B916AF000D317B /* TaskInteractor.swift in Sources */ = {isa = PBXBuildFile; fileRef = CEB80FC726B916AF000D317B /* TaskInteractor.swift */; };
		CEB80FC926B916AF000D317B /* TaskInteractor.swift in Sources */ = {isa = PBXBuildFile; fileRef = CEB80FC726B916AF000D317B /* TaskInteractor.swift */; };
		CEB80FCB26B916C2000D317B /* ProjectsInteractor.swift in Sources */ = {isa = PBXBuildFile; fileRef = CEB80FCA26B916C2000D317B /* ProjectsInteractor.swift */; };
		CEB80FCC26B916C2000D317B /* ProjectsInteractor.swift in Sources */ = {isa = PBXBuildFile; fileRef = CEB80FCA26B916C2000D317B /* ProjectsInteractor.swift */; };
		CEB80FCE26B916D4000D317B /* CurrentValueSubject+Extensions.swift in Sources */ = {isa = PBXBuildFile; fileRef = CEB80FCD26B916D4000D317B /* CurrentValueSubject+Extensions.swift */; };
		CEB80FCF26B916D4000D317B /* CurrentValueSubject+Extensions.swift in Sources */ = {isa = PBXBuildFile; fileRef = CEB80FCD26B916D4000D317B /* CurrentValueSubject+Extensions.swift */; };
		CEB80FD126B916E9000D317B /* Environment+Extensions.swift in Sources */ = {isa = PBXBuildFile; fileRef = CEB80FD026B916E9000D317B /* Environment+Extensions.swift */; };
		CEB80FD226B916E9000D317B /* Environment+Extensions.swift in Sources */ = {isa = PBXBuildFile; fileRef = CEB80FD026B916E9000D317B /* Environment+Extensions.swift */; };
		CEB80FD426B91746000D317B /* InboxScreen.swift in Sources */ = {isa = PBXBuildFile; fileRef = CEB80FD326B91746000D317B /* InboxScreen.swift */; };
		CEE4E9E426B9E51B00CFD409 /* SideBarScreen.swift in Sources */ = {isa = PBXBuildFile; fileRef = CEE4E9E226B9E51B00CFD409 /* SideBarScreen.swift */; };
		CEE4E9E726B9E57400CFD409 /* TabBar.swift in Sources */ = {isa = PBXBuildFile; fileRef = CEE4E9E626B9E57400CFD409 /* TabBar.swift */; };
		CEE4E9F326B9F26800CFD409 /* SType.swift in Sources */ = {isa = PBXBuildFile; fileRef = CEE4E9F226B9F26800CFD409 /* SType.swift */; };
		CEE4E9F726B9F34900CFD409 /* MacView.swift in Sources */ = {isa = PBXBuildFile; fileRef = CEE4E9F526B9F34900CFD409 /* MacView.swift */; };
		CEE4E9FA26B9F5C800CFD409 /* MiddleBarScreen.swift in Sources */ = {isa = PBXBuildFile; fileRef = CEE4E9F826B9F5C800CFD409 /* MiddleBarScreen.swift */; };
		CEE4E9FC26BA036300CFD409 /* CanvasScreen.swift in Sources */ = {isa = PBXBuildFile; fileRef = CEE4E9FB26BA036300CFD409 /* CanvasScreen.swift */; };
		CEE4E9FE26BA772500CFD409 /* MacButton.swift in Sources */ = {isa = PBXBuildFile; fileRef = CEE4E9FD26BA772500CFD409 /* MacButton.swift */; };
		CEE4EA0226BA808400CFD409 /* InputInteractor.swift in Sources */ = {isa = PBXBuildFile; fileRef = CEE4EA0126BA808400CFD409 /* InputInteractor.swift */; };
		CEE4EA0326BA808400CFD409 /* InputInteractor.swift in Sources */ = {isa = PBXBuildFile; fileRef = CEE4EA0126BA808400CFD409 /* InputInteractor.swift */; };
		CEE4EA0526BA82B500CFD409 /* TasksList.swift in Sources */ = {isa = PBXBuildFile; fileRef = CEE4EA0426BA82B500CFD409 /* TasksList.swift */; };
		CEE4EA0726BA833300CFD409 /* ProjectsList.swift in Sources */ = {isa = PBXBuildFile; fileRef = CEE4EA0626BA833300CFD409 /* ProjectsList.swift */; };
		CEE4EA0926BA83D700CFD409 /* InputsList.swift in Sources */ = {isa = PBXBuildFile; fileRef = CEE4EA0826BA83D700CFD409 /* InputsList.swift */; };
		CEE4EA0B26BC05C800CFD409 /* TaskDetailsScreen_mac.swift in Sources */ = {isa = PBXBuildFile; fileRef = CEE4EA0A26BC05C800CFD409 /* TaskDetailsScreen_mac.swift */; };
		CEE4EA0E26BC0EF700CFD409 /* SType.swift in Sources */ = {isa = PBXBuildFile; fileRef = CEE4EA0C26BC0E6300CFD409 /* SType.swift */; };
		CEE4EA1126BC0F4600CFD409 /* Router_mac.swift in Sources */ = {isa = PBXBuildFile; fileRef = CEE4EA1026BC0F4600CFD409 /* Router_mac.swift */; };
/* End PBXBuildFile section */

/* Begin PBXFileReference section */
		CE490FE226BC756800FFFB12 /* InputDetailsScreen_mac.swift */ = {isa = PBXFileReference; lastKnownFileType = sourcecode.swift; path = InputDetailsScreen_mac.swift; sourceTree = "<group>"; };
		CEB80F6C26B91344000D317B /* Light_Navigation_Architecture_on_MacApp.swift */ = {isa = PBXFileReference; lastKnownFileType = sourcecode.swift; path = Light_Navigation_Architecture_on_MacApp.swift; sourceTree = "<group>"; };
		CEB80F6D26B91344000D317B /* ContentView.swift */ = {isa = PBXFileReference; lastKnownFileType = sourcecode.swift; path = ContentView.swift; sourceTree = "<group>"; };
		CEB80F6E26B91344000D317B /* Assets.xcassets */ = {isa = PBXFileReference; lastKnownFileType = folder.assetcatalog; path = Assets.xcassets; sourceTree = "<group>"; };
		CEB80F7326B91344000D317B /* Light_Navigation_Architecture_on_Mac.app */ = {isa = PBXFileReference; explicitFileType = wrapper.application; includeInIndex = 0; path = Light_Navigation_Architecture_on_Mac.app; sourceTree = BUILT_PRODUCTS_DIR; };
		CEB80F7926B91344000D317B /* Light_Navigation_Architecture_on_Mac.app */ = {isa = PBXFileReference; explicitFileType = wrapper.application; includeInIndex = 0; path = Light_Navigation_Architecture_on_Mac.app; sourceTree = BUILT_PRODUCTS_DIR; };
		CEB80F8826B9140C000D317B /* Container.swift */ = {isa = PBXFileReference; lastKnownFileType = sourcecode.swift; path = Container.swift; sourceTree = "<group>"; };
		CEB80F8B26B9141F000D317B /* AppState.swift */ = {isa = PBXFileReference; lastKnownFileType = sourcecode.swift; path = AppState.swift; sourceTree = "<group>"; };
		CEB80F8E26B9142D000D317B /* Models.swift */ = {isa = PBXFileReference; lastKnownFileType = sourcecode.swift; path = Models.swift; sourceTree = "<group>"; };
		CEB80F9126B9143F000D317B /* StackAction.swift */ = {isa = PBXFileReference; lastKnownFileType = sourcecode.swift; path = StackAction.swift; sourceTree = "<group>"; };
		CEB80F9426B9145D000D317B /* Router.swift */ = {isa = PBXFileReference; lastKnownFileType = sourcecode.swift; path = Router.swift; sourceTree = "<group>"; };
		CEB80F9726B9146F000D317B /* StackScreenViewController.swift */ = {isa = PBXFileReference; lastKnownFileType = sourcecode.swift; path = StackScreenViewController.swift; sourceTree = "<group>"; };
		CEB80F9A26B9147D000D317B /* ScreenFactory.swift */ = {isa = PBXFileReference; lastKnownFileType = sourcecode.swift; path = ScreenFactory.swift; sourceTree = "<group>"; };
		CEB80F9D26B9148A000D317B /* NavigationBar.swift */ = {isa = PBXFileReference; lastKnownFileType = sourcecode.swift; path = NavigationBar.swift; sourceTree = "<group>"; };
		CEB80FA026B91497000D317B /* Strategy.swift */ = {isa = PBXFileReference; lastKnownFileType = sourcecode.swift; path = Strategy.swift; sourceTree = "<group>"; };
		CEB80FA326B914AA000D317B /* NavigationBarModifier.swift */ = {isa = PBXFileReference; lastKnownFileType = sourcecode.swift; path = NavigationBarModifier.swift; sourceTree = "<group>"; };
		CEB80FA626B914BB000D317B /* NavigationController.swift */ = {isa = PBXFileReference; lastKnownFileType = sourcecode.swift; path = NavigationController.swift; sourceTree = "<group>"; };
		CEB80FA926B914E2000D317B /* TaskNavigationController.swift */ = {isa = PBXFileReference; lastKnownFileType = sourcecode.swift; path = TaskNavigationController.swift; sourceTree = "<group>"; };
		CEB80FAC26B914F1000D317B /* ProjectNavigationController.swift */ = {isa = PBXFileReference; lastKnownFileType = sourcecode.swift; path = ProjectNavigationController.swift; sourceTree = "<group>"; };
		CEB80FAF26B91502000D317B /* InboxNavigationController.swift */ = {isa = PBXFileReference; lastKnownFileType = sourcecode.swift; path = InboxNavigationController.swift; sourceTree = "<group>"; };
		CEB80FB226B9150F000D317B /* TaskScreen.swift */ = {isa = PBXFileReference; lastKnownFileType = sourcecode.swift; path = TaskScreen.swift; sourceTree = "<group>"; };
		CEB80FB526B91524000D317B /* TaskDetailsScreen.swift */ = {isa = PBXFileReference; lastKnownFileType = sourcecode.swift; path = TaskDetailsScreen.swift; sourceTree = "<group>"; };
		CEB80FB826B9153A000D317B /* ProjectsScreen.swift */ = {isa = PBXFileReference; lastKnownFileType = sourcecode.swift; path = ProjectsScreen.swift; sourceTree = "<group>"; };
		CEB80FBB26B91664000D317B /* ProjectDetailsScreen.swift */ = {isa = PBXFileReference; lastKnownFileType = sourcecode.swift; path = ProjectDetailsScreen.swift; sourceTree = "<group>"; };
		CEB80FBE26B9167A000D317B /* InputDetailsScreen.swift */ = {isa = PBXFileReference; lastKnownFileType = sourcecode.swift; path = InputDetailsScreen.swift; sourceTree = "<group>"; };
		CEB80FC126B91689000D317B /* CustomButtonStyle.swift */ = {isa = PBXFileReference; lastKnownFileType = sourcecode.swift; path = CustomButtonStyle.swift; sourceTree = "<group>"; };
		CEB80FC426B9169E000D317B /* CustomtextfieldStyle.swift */ = {isa = PBXFileReference; lastKnownFileType = sourcecode.swift; path = CustomtextfieldStyle.swift; sourceTree = "<group>"; };
		CEB80FC726B916AF000D317B /* TaskInteractor.swift */ = {isa = PBXFileReference; lastKnownFileType = sourcecode.swift; path = TaskInteractor.swift; sourceTree = "<group>"; };
		CEB80FCA26B916C2000D317B /* ProjectsInteractor.swift */ = {isa = PBXFileReference; lastKnownFileType = sourcecode.swift; path = ProjectsInteractor.swift; sourceTree = "<group>"; };
		CEB80FCD26B916D4000D317B /* CurrentValueSubject+Extensions.swift */ = {isa = PBXFileReference; lastKnownFileType = sourcecode.swift; path = "CurrentValueSubject+Extensions.swift"; sourceTree = "<group>"; };
		CEB80FD026B916E9000D317B /* Environment+Extensions.swift */ = {isa = PBXFileReference; lastKnownFileType = sourcecode.swift; path = "Environment+Extensions.swift"; sourceTree = "<group>"; };
		CEB80FD326B91746000D317B /* InboxScreen.swift */ = {isa = PBXFileReference; lastKnownFileType = sourcecode.swift; path = InboxScreen.swift; sourceTree = "<group>"; };
		CEE4E9E226B9E51B00CFD409 /* SideBarScreen.swift */ = {isa = PBXFileReference; lastKnownFileType = sourcecode.swift; path = SideBarScreen.swift; sourceTree = "<group>"; };
		CEE4E9E626B9E57400CFD409 /* TabBar.swift */ = {isa = PBXFileReference; lastKnownFileType = sourcecode.swift; path = TabBar.swift; sourceTree = "<group>"; };
		CEE4E9F226B9F26800CFD409 /* SType.swift */ = {isa = PBXFileReference; lastKnownFileType = sourcecode.swift; path = SType.swift; sourceTree = "<group>"; };
		CEE4E9F526B9F34900CFD409 /* MacView.swift */ = {isa = PBXFileReference; lastKnownFileType = sourcecode.swift; path = MacView.swift; sourceTree = "<group>"; };
		CEE4E9F826B9F5C800CFD409 /* MiddleBarScreen.swift */ = {isa = PBXFileReference; lastKnownFileType = sourcecode.swift; path = MiddleBarScreen.swift; sourceTree = "<group>"; };
		CEE4E9FB26BA036300CFD409 /* CanvasScreen.swift */ = {isa = PBXFileReference; lastKnownFileType = sourcecode.swift; path = CanvasScreen.swift; sourceTree = "<group>"; };
		CEE4E9FD26BA772500CFD409 /* MacButton.swift */ = {isa = PBXFileReference; lastKnownFileType = sourcecode.swift; path = MacButton.swift; sourceTree = "<group>"; };
		CEE4EA0126BA808400CFD409 /* InputInteractor.swift */ = {isa = PBXFileReference; lastKnownFileType = sourcecode.swift; name = InputInteractor.swift; path = "../../../../../Library/Mobile Documents/com~apple~CloudDocs/InputInteractor.swift"; sourceTree = "<group>"; };
		CEE4EA0426BA82B500CFD409 /* TasksList.swift */ = {isa = PBXFileReference; lastKnownFileType = sourcecode.swift; path = TasksList.swift; sourceTree = "<group>"; };
		CEE4EA0626BA833300CFD409 /* ProjectsList.swift */ = {isa = PBXFileReference; lastKnownFileType = sourcecode.swift; path = ProjectsList.swift; sourceTree = "<group>"; };
		CEE4EA0826BA83D700CFD409 /* InputsList.swift */ = {isa = PBXFileReference; lastKnownFileType = sourcecode.swift; path = InputsList.swift; sourceTree = "<group>"; };
		CEE4EA0A26BC05C800CFD409 /* TaskDetailsScreen_mac.swift */ = {isa = PBXFileReference; lastKnownFileType = sourcecode.swift; path = TaskDetailsScreen_mac.swift; sourceTree = "<group>"; };
		CEE4EA0C26BC0E6300CFD409 /* SType.swift */ = {isa = PBXFileReference; lastKnownFileType = sourcecode.swift; path = SType.swift; sourceTree = "<group>"; };
		CEE4EA1026BC0F4600CFD409 /* Router_mac.swift */ = {isa = PBXFileReference; lastKnownFileType = sourcecode.swift; path = Router_mac.swift; sourceTree = "<group>"; };
/* End PBXFileReference section */

/* Begin PBXFrameworksBuildPhase section */
		CEB80F7026B91344000D317B /* Frameworks */ = {
			isa = PBXFrameworksBuildPhase;
			buildActionMask = 2147483647;
			files = (
			);
			runOnlyForDeploymentPostprocessing = 0;
		};
		CEB80F7626B91344000D317B /* Frameworks */ = {
			isa = PBXFrameworksBuildPhase;
			buildActionMask = 2147483647;
			files = (
			);
			runOnlyForDeploymentPostprocessing = 0;
		};
/* End PBXFrameworksBuildPhase section */

/* Begin PBXGroup section */
		CEB80F6626B91343000D317B = {
			isa = PBXGroup;
			children = (
				CEB80F6B26B91344000D317B /* Shared */,
				CEE4E9ED26B9E60E00CFD409 /* macOS UI */,
				CEE4E9E926B9E59900CFD409 /* iOS UI */,
				CEB80F7426B91344000D317B /* Products */,
			);
			sourceTree = "<group>";
		};
		CEB80F6B26B91344000D317B /* Shared */ = {
			isa = PBXGroup;
			children = (
				CEB80F6C26B91344000D317B /* Light_Navigation_Architecture_on_MacApp.swift */,
				CEB80F6D26B91344000D317B /* ContentView.swift */,
				CEE4E9E526B9E55300CFD409 /* Data */,
				CEE4E9F026B9E65300CFD409 /* Styles */,
				CEE4E9EF26B9E64600CFD409 /* Interactors */,
				CEE4E9EC26B9E5E200CFD409 /* Extensions */,
				CEB80F6E26B91344000D317B /* Assets.xcassets */,
			);
			path = Shared;
			sourceTree = "<group>";
		};
		CEB80F7426B91344000D317B /* Products */ = {
			isa = PBXGroup;
			children = (
				CEB80F7326B91344000D317B /* Light_Navigation_Architecture_on_Mac.app */,
				CEB80F7926B91344000D317B /* Light_Navigation_Architecture_on_Mac.app */,
			);
			name = Products;
			sourceTree = "<group>";
		};
		CEE4E9E526B9E55300CFD409 /* Data */ = {
			isa = PBXGroup;
			children = (
				CEB80F8826B9140C000D317B /* Container.swift */,
				CEB80F8E26B9142D000D317B /* Models.swift */,
				CEB80F8B26B9141F000D317B /* AppState.swift */,
			);
			path = Data;
			sourceTree = "<group>";
		};
		CEE4E9E926B9E59900CFD409 /* iOS UI */ = {
			isa = PBXGroup;
			children = (
				CEE4E9F226B9F26800CFD409 /* SType.swift */,
				CEE4E9EB26B9E5D700CFD409 /* Screens */,
				CEE4E9EA26B9E5B100CFD409 /* Navigation */,
				CEE4E9E626B9E57400CFD409 /* TabBar.swift */,
			);
			path = "iOS UI";
			sourceTree = "<group>";
		};
		CEE4E9EA26B9E5B100CFD409 /* Navigation */ = {
			isa = PBXGroup;
			children = (
				CEB80FA326B914AA000D317B /* NavigationBarModifier.swift */,
				CEB80F9726B9146F000D317B /* StackScreenViewController.swift */,
				CEE4E9F126B9E66500CFD409 /* NavigationControllers */,
				CEE4E9EE26B9E62300CFD409 /* ViewStack */,
				CEB80F9D26B9148A000D317B /* NavigationBar.swift */,
				CEB80FA026B91497000D317B /* Strategy.swift */,
				CEB80F9A26B9147D000D317B /* ScreenFactory.swift */,
			);
			path = Navigation;
			sourceTree = "<group>";
		};
		CEE4E9EB26B9E5D700CFD409 /* Screens */ = {
			isa = PBXGroup;
			children = (
				CEB80FB226B9150F000D317B /* TaskScreen.swift */,
				CEB80FB526B91524000D317B /* TaskDetailsScreen.swift */,
				CEB80FB826B9153A000D317B /* ProjectsScreen.swift */,
				CEB80FBB26B91664000D317B /* ProjectDetailsScreen.swift */,
				CEB80FD326B91746000D317B /* InboxScreen.swift */,
				CEB80FBE26B9167A000D317B /* InputDetailsScreen.swift */,
			);
			path = Screens;
			sourceTree = "<group>";
		};
		CEE4E9EC26B9E5E200CFD409 /* Extensions */ = {
			isa = PBXGroup;
			children = (
				CEB80FCD26B916D4000D317B /* CurrentValueSubject+Extensions.swift */,
				CEB80FD026B916E9000D317B /* Environment+Extensions.swift */,
			);
			path = Extensions;
			sourceTree = "<group>";
		};
		CEE4E9ED26B9E60E00CFD409 /* macOS UI */ = {
			isa = PBXGroup;
			children = (
				CEE4E9FF26BA776E00CFD409 /* Screens */,
				CEE4EA0026BA777300CFD409 /* Views */,
			);
			path = "macOS UI";
			sourceTree = "<group>";
		};
		CEE4E9EE26B9E62300CFD409 /* ViewStack */ = {
			isa = PBXGroup;
			children = (
				CEB80F9426B9145D000D317B /* Router.swift */,
				CEB80F9126B9143F000D317B /* StackAction.swift */,
			);
			path = ViewStack;
			sourceTree = "<group>";
		};
		CEE4E9EF26B9E64600CFD409 /* Interactors */ = {
			isa = PBXGroup;
			children = (
				CEB80FC726B916AF000D317B /* TaskInteractor.swift */,
				CEB80FCA26B916C2000D317B /* ProjectsInteractor.swift */,
				CEE4EA0126BA808400CFD409 /* InputInteractor.swift */,
			);
			path = Interactors;
			sourceTree = "<group>";
		};
		CEE4E9F026B9E65300CFD409 /* Styles */ = {
			isa = PBXGroup;
			children = (
				CEB80FC126B91689000D317B /* CustomButtonStyle.swift */,
				CEB80FC426B9169E000D317B /* CustomtextfieldStyle.swift */,
			);
			path = Styles;
			sourceTree = "<group>";
		};
		CEE4E9F126B9E66500CFD409 /* NavigationControllers */ = {
			isa = PBXGroup;
			children = (
				CEB80FA626B914BB000D317B /* NavigationController.swift */,
				CEB80FA926B914E2000D317B /* TaskNavigationController.swift */,
				CEB80FAC26B914F1000D317B /* ProjectNavigationController.swift */,
				CEB80FAF26B91502000D317B /* InboxNavigationController.swift */,
			);
			path = NavigationControllers;
			sourceTree = "<group>";
		};
		CEE4E9FF26BA776E00CFD409 /* Screens */ = {
			isa = PBXGroup;
			children = (
				CEE4E9F526B9F34900CFD409 /* MacView.swift */,
				CEE4EA0F26BC0F3400CFD409 /* Navigation */,
				CEE4E9E226B9E51B00CFD409 /* SideBarScreen.swift */,
				CEE4E9F826B9F5C800CFD409 /* MiddleBarScreen.swift */,
				CEE4E9FB26BA036300CFD409 /* CanvasScreen.swift */,
				CEE4EA0A26BC05C800CFD409 /* TaskDetailsScreen_mac.swift */,
				CE490FE226BC756800FFFB12 /* InputDetailsScreen_mac.swift */,
			);
			path = Screens;
			sourceTree = "<group>";
		};
		CEE4EA0026BA777300CFD409 /* Views */ = {
			isa = PBXGroup;
			children = (
				CEE4E9FD26BA772500CFD409 /* MacButton.swift */,
				CEE4EA0426BA82B500CFD409 /* TasksList.swift */,
				CEE4EA0626BA833300CFD409 /* ProjectsList.swift */,
				CEE4EA0826BA83D700CFD409 /* InputsList.swift */,
			);
			path = Views;
			sourceTree = "<group>";
		};
		CEE4EA0F26BC0F3400CFD409 /* Navigation */ = {
			isa = PBXGroup;
			children = (
				CEE4EA0C26BC0E6300CFD409 /* SType.swift */,
				CEE4EA1026BC0F4600CFD409 /* Router_mac.swift */,
			);
			path = Navigation;
			sourceTree = "<group>";
		};
/* End PBXGroup section */

/* Begin PBXNativeTarget section */
		CEB80F7226B91344000D317B /* Light_Navigation_Architecture_on_Mac (iOS) */ = {
			isa = PBXNativeTarget;
			buildConfigurationList = CEB80F8226B91344000D317B /* Build configuration list for PBXNativeTarget "Light_Navigation_Architecture_on_Mac (iOS)" */;
			buildPhases = (
				CEB80F6F26B91344000D317B /* Sources */,
				CEB80F7026B91344000D317B /* Frameworks */,
				CEB80F7126B91344000D317B /* Resources */,
			);
			buildRules = (
			);
			dependencies = (
			);
			name = "Light_Navigation_Architecture_on_Mac (iOS)";
			productName = "Light_Navigation_Architecture_on_Mac (iOS)";
			productReference = CEB80F7326B91344000D317B /* Light_Navigation_Architecture_on_Mac.app */;
			productType = "com.apple.product-type.application";
		};
		CEB80F7826B91344000D317B /* Light_Navigation_Architecture_on_Mac (macOS) */ = {
			isa = PBXNativeTarget;
			buildConfigurationList = CEB80F8526B91344000D317B /* Build configuration list for PBXNativeTarget "Light_Navigation_Architecture_on_Mac (macOS)" */;
			buildPhases = (
				CEB80F7526B91344000D317B /* Sources */,
				CEB80F7626B91344000D317B /* Frameworks */,
				CEB80F7726B91344000D317B /* Resources */,
			);
			buildRules = (
			);
			dependencies = (
			);
			name = "Light_Navigation_Architecture_on_Mac (macOS)";
			productName = "Light_Navigation_Architecture_on_Mac (macOS)";
			productReference = CEB80F7926B91344000D317B /* Light_Navigation_Architecture_on_Mac.app */;
			productType = "com.apple.product-type.application";
		};
/* End PBXNativeTarget section */

/* Begin PBXProject section */
		CEB80F6726B91343000D317B /* Project object */ = {
			isa = PBXProject;
			attributes = {
				BuildIndependentTargetsInParallel = 1;
				LastSwiftUpdateCheck = 1300;
				LastUpgradeCheck = 1300;
				TargetAttributes = {
					CEB80F7226B91344000D317B = {
						CreatedOnToolsVersion = 13.0;
					};
					CEB80F7826B91344000D317B = {
						CreatedOnToolsVersion = 13.0;
					};
				};
			};
			buildConfigurationList = CEB80F6A26B91343000D317B /* Build configuration list for PBXProject "Light_Navigation_Architecture_on_Mac" */;
			compatibilityVersion = "Xcode 13.0";
			developmentRegion = en;
			hasScannedForEncodings = 0;
			knownRegions = (
				en,
				Base,
			);
			mainGroup = CEB80F6626B91343000D317B;
			productRefGroup = CEB80F7426B91344000D317B /* Products */;
			projectDirPath = "";
			projectRoot = "";
			targets = (
				CEB80F7226B91344000D317B /* Light_Navigation_Architecture_on_Mac (iOS) */,
				CEB80F7826B91344000D317B /* Light_Navigation_Architecture_on_Mac (macOS) */,
			);
		};
/* End PBXProject section */

/* Begin PBXResourcesBuildPhase section */
		CEB80F7126B91344000D317B /* Resources */ = {
			isa = PBXResourcesBuildPhase;
			buildActionMask = 2147483647;
			files = (
				CEB80F7E26B91344000D317B /* Assets.xcassets in Resources */,
			);
			runOnlyForDeploymentPostprocessing = 0;
		};
		CEB80F7726B91344000D317B /* Resources */ = {
			isa = PBXResourcesBuildPhase;
			buildActionMask = 2147483647;
			files = (
				CEB80F7F26B91344000D317B /* Assets.xcassets in Resources */,
			);
			runOnlyForDeploymentPostprocessing = 0;
		};
/* End PBXResourcesBuildPhase section */

/* Begin PBXSourcesBuildPhase section */
		CEB80F6F26B91344000D317B /* Sources */ = {
			isa = PBXSourcesBuildPhase;
			buildActionMask = 2147483647;
			files = (
				CEB80F9226B9143F000D317B /* StackAction.swift in Sources */,
				CEB80F7C26B91344000D317B /* ContentView.swift in Sources */,
				CEB80FA426B914AA000D317B /* NavigationBarModifier.swift in Sources */,
				CEB80F8926B9140C000D317B /* Container.swift in Sources */,
				CEB80F9526B9145D000D317B /* Router.swift in Sources */,
				CEB80FC826B916AF000D317B /* TaskInteractor.swift in Sources */,
				CEB80F7A26B91344000D317B /* Light_Navigation_Architecture_on_MacApp.swift in Sources */,
				CEB80FC526B9169E000D317B /* CustomtextfieldStyle.swift in Sources */,
				CEB80FA126B91497000D317B /* Strategy.swift in Sources */,
				CEB80FB926B9153A000D317B /* ProjectsScreen.swift in Sources */,
				CEB80FD126B916E9000D317B /* Environment+Extensions.swift in Sources */,
				CEB80F9E26B9148A000D317B /* NavigationBar.swift in Sources */,
				CEB80FCB26B916C2000D317B /* ProjectsInteractor.swift in Sources */,
				CEE4E9E726B9E57400CFD409 /* TabBar.swift in Sources */,
				CEB80FA726B914BB000D317B /* NavigationController.swift in Sources */,
				CEB80FBF26B9167A000D317B /* InputDetailsScreen.swift in Sources */,
				CEB80FB626B91524000D317B /* TaskDetailsScreen.swift in Sources */,
				CEB80F8C26B9141F000D317B /* AppState.swift in Sources */,
				CEE4EA0226BA808400CFD409 /* InputInteractor.swift in Sources */,
				CEB80FCE26B916D4000D317B /* CurrentValueSubject+Extensions.swift in Sources */,
				CEB80FB326B9150F000D317B /* TaskScreen.swift in Sources */,
				CEB80FAD26B914F1000D317B /* ProjectNavigationController.swift in Sources */,
				CEB80F8F26B9142D000D317B /* Models.swift in Sources */,
				CEB80FC226B91689000D317B /* CustomButtonStyle.swift in Sources */,
				CEB80F9826B9146F000D317B /* StackScreenViewController.swift in Sources */,
				CEB80FAA26B914E2000D317B /* TaskNavigationController.swift in Sources */,
				CEB80FD426B91746000D317B /* InboxScreen.swift in Sources */,
				CEB80FB026B91502000D317B /* InboxNavigationController.swift in Sources */,
				CEB80FBC26B91664000D317B /* ProjectDetailsScreen.swift in Sources */,
				CEB80F9B26B9147D000D317B /* ScreenFactory.swift in Sources */,
				CEE4E9F326B9F26800CFD409 /* SType.swift in Sources */,
			);
			runOnlyForDeploymentPostprocessing = 0;
		};
		CEB80F7526B91344000D317B /* Sources */ = {
			isa = PBXSourcesBuildPhase;
			buildActionMask = 2147483647;
			files = (
				CEE4EA1126BC0F4600CFD409 /* Router_mac.swift in Sources */,
				CEB80F7D26B91344000D317B /* ContentView.swift in Sources */,
				CEE4EA0926BA83D700CFD409 /* InputsList.swift in Sources */,
				CEB80F8A26B9140C000D317B /* Container.swift in Sources */,
				CEE4E9FC26BA036300CFD409 /* CanvasScreen.swift in Sources */,
				CEB80FC926B916AF000D317B /* TaskInteractor.swift in Sources */,
				CEB80F7B26B91344000D317B /* Light_Navigation_Architecture_on_MacApp.swift in Sources */,
				CEB80FC626B9169E000D317B /* CustomtextfieldStyle.swift in Sources */,
				CEB80FD226B916E9000D317B /* Environment+Extensions.swift in Sources */,
				CEE4EA0726BA833300CFD409 /* ProjectsList.swift in Sources */,
				CEE4EA0E26BC0EF700CFD409 /* SType.swift in Sources */,
				CEE4E9F726B9F34900CFD409 /* MacView.swift in Sources */,
				CEB80FCC26B916C2000D317B /* ProjectsInteractor.swift in Sources */,
				CEE4E9E426B9E51B00CFD409 /* SideBarScreen.swift in Sources */,
				CEB80F8D26B9141F000D317B /* AppState.swift in Sources */,
				CEB80FCF26B916D4000D317B /* CurrentValueSubject+Extensions.swift in Sources */,
				CEE4E9FA26B9F5C800CFD409 /* MiddleBarScreen.swift in Sources */,
				CEB80F9026B9142D000D317B /* Models.swift in Sources */,
				CEE4EA0526BA82B500CFD409 /* TasksList.swift in Sources */,
				CEE4E9FE26BA772500CFD409 /* MacButton.swift in Sources */,
				CEB80FC326B91689000D317B /* CustomButtonStyle.swift in Sources */,
				CE490FE326BC756800FFFB12 /* InputDetailsScreen_mac.swift in Sources */,
				CEE4EA0326BA808400CFD409 /* InputInteractor.swift in Sources */,
				CEE4EA0B26BC05C800CFD409 /* TaskDetailsScreen_mac.swift in Sources */,
			);
			runOnlyForDeploymentPostprocessing = 0;
		};
/* End PBXSourcesBuildPhase section */

/* Begin XCBuildConfiguration section */
		CEB80F8026B91344000D317B /* Debug */ = {
			isa = XCBuildConfiguration;
			buildSettings = {
				ALWAYS_SEARCH_USER_PATHS = NO;
				CLANG_ANALYZER_NONNULL = YES;
				CLANG_ANALYZER_NUMBER_OBJECT_CONVERSION = YES_AGGRESSIVE;
				CLANG_CXX_LANGUAGE_STANDARD = "gnu++14";
				CLANG_CXX_LIBRARY = "libc++";
				CLANG_ENABLE_MODULES = YES;
				CLANG_ENABLE_OBJC_ARC = YES;
				CLANG_ENABLE_OBJC_WEAK = YES;
				CLANG_WARN_BLOCK_CAPTURE_AUTORELEASING = YES;
				CLANG_WARN_BOOL_CONVERSION = YES;
				CLANG_WARN_COMMA = YES;
				CLANG_WARN_CONSTANT_CONVERSION = YES;
				CLANG_WARN_DEPRECATED_OBJC_IMPLEMENTATIONS = YES;
				CLANG_WARN_DIRECT_OBJC_ISA_USAGE = YES_ERROR;
				CLANG_WARN_DOCUMENTATION_COMMENTS = YES;
				CLANG_WARN_EMPTY_BODY = YES;
				CLANG_WARN_ENUM_CONVERSION = YES;
				CLANG_WARN_INFINITE_RECURSION = YES;
				CLANG_WARN_INT_CONVERSION = YES;
				CLANG_WARN_NON_LITERAL_NULL_CONVERSION = YES;
				CLANG_WARN_OBJC_IMPLICIT_RETAIN_SELF = YES;
				CLANG_WARN_OBJC_LITERAL_CONVERSION = YES;
				CLANG_WARN_OBJC_ROOT_CLASS = YES_ERROR;
				CLANG_WARN_QUOTED_INCLUDE_IN_FRAMEWORK_HEADER = YES;
				CLANG_WARN_RANGE_LOOP_ANALYSIS = YES;
				CLANG_WARN_STRICT_PROTOTYPES = YES;
				CLANG_WARN_SUSPICIOUS_MOVE = YES;
				CLANG_WARN_UNGUARDED_AVAILABILITY = YES_AGGRESSIVE;
				CLANG_WARN_UNREACHABLE_CODE = YES;
				CLANG_WARN__DUPLICATE_METHOD_MATCH = YES;
				COPY_PHASE_STRIP = NO;
				DEBUG_INFORMATION_FORMAT = dwarf;
				ENABLE_STRICT_OBJC_MSGSEND = YES;
				ENABLE_TESTABILITY = YES;
				GCC_C_LANGUAGE_STANDARD = gnu11;
				GCC_DYNAMIC_NO_PIC = NO;
				GCC_NO_COMMON_BLOCKS = YES;
				GCC_OPTIMIZATION_LEVEL = 0;
				GCC_PREPROCESSOR_DEFINITIONS = (
					"DEBUG=1",
					"$(inherited)",
				);
				GCC_WARN_64_TO_32_BIT_CONVERSION = YES;
				GCC_WARN_ABOUT_RETURN_TYPE = YES_ERROR;
				GCC_WARN_UNDECLARED_SELECTOR = YES;
				GCC_WARN_UNINITIALIZED_AUTOS = YES_AGGRESSIVE;
				GCC_WARN_UNUSED_FUNCTION = YES;
				GCC_WARN_UNUSED_VARIABLE = YES;
				MTL_ENABLE_DEBUG_INFO = INCLUDE_SOURCE;
				MTL_FAST_MATH = YES;
				ONLY_ACTIVE_ARCH = YES;
				SWIFT_ACTIVE_COMPILATION_CONDITIONS = DEBUG;
				SWIFT_OPTIMIZATION_LEVEL = "-Onone";
			};
			name = Debug;
		};
		CEB80F8126B91344000D317B /* Release */ = {
			isa = XCBuildConfiguration;
			buildSettings = {
				ALWAYS_SEARCH_USER_PATHS = NO;
				CLANG_ANALYZER_NONNULL = YES;
				CLANG_ANALYZER_NUMBER_OBJECT_CONVERSION = YES_AGGRESSIVE;
				CLANG_CXX_LANGUAGE_STANDARD = "gnu++14";
				CLANG_CXX_LIBRARY = "libc++";
				CLANG_ENABLE_MODULES = YES;
				CLANG_ENABLE_OBJC_ARC = YES;
				CLANG_ENABLE_OBJC_WEAK = YES;
				CLANG_WARN_BLOCK_CAPTURE_AUTORELEASING = YES;
				CLANG_WARN_BOOL_CONVERSION = YES;
				CLANG_WARN_COMMA = YES;
				CLANG_WARN_CONSTANT_CONVERSION = YES;
				CLANG_WARN_DEPRECATED_OBJC_IMPLEMENTATIONS = YES;
				CLANG_WARN_DIRECT_OBJC_ISA_USAGE = YES_ERROR;
				CLANG_WARN_DOCUMENTATION_COMMENTS = YES;
				CLANG_WARN_EMPTY_BODY = YES;
				CLANG_WARN_ENUM_CONVERSION = YES;
				CLANG_WARN_INFINITE_RECURSION = YES;
				CLANG_WARN_INT_CONVERSION = YES;
				CLANG_WARN_NON_LITERAL_NULL_CONVERSION = YES;
				CLANG_WARN_OBJC_IMPLICIT_RETAIN_SELF = YES;
				CLANG_WARN_OBJC_LITERAL_CONVERSION = YES;
				CLANG_WARN_OBJC_ROOT_CLASS = YES_ERROR;
				CLANG_WARN_QUOTED_INCLUDE_IN_FRAMEWORK_HEADER = YES;
				CLANG_WARN_RANGE_LOOP_ANALYSIS = YES;
				CLANG_WARN_STRICT_PROTOTYPES = YES;
				CLANG_WARN_SUSPICIOUS_MOVE = YES;
				CLANG_WARN_UNGUARDED_AVAILABILITY = YES_AGGRESSIVE;
				CLANG_WARN_UNREACHABLE_CODE = YES;
				CLANG_WARN__DUPLICATE_METHOD_MATCH = YES;
				COPY_PHASE_STRIP = NO;
				DEBUG_INFORMATION_FORMAT = "dwarf-with-dsym";
				ENABLE_NS_ASSERTIONS = NO;
				ENABLE_STRICT_OBJC_MSGSEND = YES;
				GCC_C_LANGUAGE_STANDARD = gnu11;
				GCC_NO_COMMON_BLOCKS = YES;
				GCC_WARN_64_TO_32_BIT_CONVERSION = YES;
				GCC_WARN_ABOUT_RETURN_TYPE = YES_ERROR;
				GCC_WARN_UNDECLARED_SELECTOR = YES;
				GCC_WARN_UNINITIALIZED_AUTOS = YES_AGGRESSIVE;
				GCC_WARN_UNUSED_FUNCTION = YES;
				GCC_WARN_UNUSED_VARIABLE = YES;
				MTL_ENABLE_DEBUG_INFO = NO;
				MTL_FAST_MATH = YES;
				SWIFT_COMPILATION_MODE = wholemodule;
				SWIFT_OPTIMIZATION_LEVEL = "-O";
			};
			name = Release;
		};
		CEB80F8326B91344000D317B /* Debug */ = {
			isa = XCBuildConfiguration;
			buildSettings = {
				ASSETCATALOG_COMPILER_APPICON_NAME = AppIcon;
				ASSETCATALOG_COMPILER_GLOBAL_ACCENT_COLOR_NAME = AccentColor;
				CODE_SIGN_STYLE = Automatic;
				CURRENT_PROJECT_VERSION = 1;
				DEVELOPMENT_TEAM = ZY5FRQGFT8;
				ENABLE_PREVIEWS = YES;
				GENERATE_INFOPLIST_FILE = YES;
				INFOPLIST_KEY_UIApplicationSceneManifest_Generation = YES;
				INFOPLIST_KEY_UIApplicationSupportsIndirectInputEvents = YES;
				INFOPLIST_KEY_UILaunchScreen_Generation = YES;
				INFOPLIST_KEY_UISupportedInterfaceOrientations_iPad = "UIInterfaceOrientationPortrait UIInterfaceOrientationPortraitUpsideDown UIInterfaceOrientationLandscapeLeft UIInterfaceOrientationLandscapeRight";
				INFOPLIST_KEY_UISupportedInterfaceOrientations_iPhone = "UIInterfaceOrientationPortrait UIInterfaceOrientationLandscapeLeft UIInterfaceOrientationLandscapeRight";
				IPHONEOS_DEPLOYMENT_TARGET = 14.0;
				LD_RUNPATH_SEARCH_PATHS = (
					"$(inherited)",
					"@executable_path/Frameworks",
				);
				MARKETING_VERSION = 1.0;
				PRODUCT_BUNDLE_IDENTIFIER = "com.slusarzjan.Light-Navigation-Architecture-on-Mac";
				PRODUCT_NAME = Light_Navigation_Architecture_on_Mac;
				SDKROOT = iphoneos;
				SWIFT_EMIT_LOC_STRINGS = YES;
				SWIFT_VERSION = 5.0;
				TARGETED_DEVICE_FAMILY = "1,2";
			};
			name = Debug;
		};
		CEB80F8426B91344000D317B /* Release */ = {
			isa = XCBuildConfiguration;
			buildSettings = {
				ASSETCATALOG_COMPILER_APPICON_NAME = AppIcon;
				ASSETCATALOG_COMPILER_GLOBAL_ACCENT_COLOR_NAME = AccentColor;
				CODE_SIGN_STYLE = Automatic;
				CURRENT_PROJECT_VERSION = 1;
				DEVELOPMENT_TEAM = ZY5FRQGFT8;
				ENABLE_PREVIEWS = YES;
				GENERATE_INFOPLIST_FILE = YES;
				INFOPLIST_KEY_UIApplicationSceneManifest_Generation = YES;
				INFOPLIST_KEY_UIApplicationSupportsIndirectInputEvents = YES;
				INFOPLIST_KEY_UILaunchScreen_Generation = YES;
				INFOPLIST_KEY_UISupportedInterfaceOrientations_iPad = "UIInterfaceOrientationPortrait UIInterfaceOrientationPortraitUpsideDown UIInterfaceOrientationLandscapeLeft UIInterfaceOrientationLandscapeRight";
				INFOPLIST_KEY_UISupportedInterfaceOrientations_iPhone = "UIInterfaceOrientationPortrait UIInterfaceOrientationLandscapeLeft UIInterfaceOrientationLandscapeRight";
				IPHONEOS_DEPLOYMENT_TARGET = 14.0;
				LD_RUNPATH_SEARCH_PATHS = (
					"$(inherited)",
					"@executable_path/Frameworks",
				);
				MARKETING_VERSION = 1.0;
				PRODUCT_BUNDLE_IDENTIFIER = "com.slusarzjan.Light-Navigation-Architecture-on-Mac";
				PRODUCT_NAME = Light_Navigation_Architecture_on_Mac;
				SDKROOT = iphoneos;
				SWIFT_EMIT_LOC_STRINGS = YES;
				SWIFT_VERSION = 5.0;
				TARGETED_DEVICE_FAMILY = "1,2";
				VALIDATE_PRODUCT = YES;
			};
			name = Release;
		};
		CEB80F8626B91344000D317B /* Debug */ = {
			isa = XCBuildConfiguration;
			buildSettings = {
				ASSETCATALOG_COMPILER_APPICON_NAME = AppIcon;
				ASSETCATALOG_COMPILER_GLOBAL_ACCENT_COLOR_NAME = AccentColor;
				CODE_SIGN_STYLE = Automatic;
				COMBINE_HIDPI_IMAGES = YES;
				CURRENT_PROJECT_VERSION = 1;
				DEVELOPMENT_TEAM = ZY5FRQGFT8;
				ENABLE_APP_SANDBOX = YES;
				ENABLE_HARDENED_RUNTIME = YES;
				ENABLE_PREVIEWS = YES;
				ENABLE_USER_SELECTED_FILES = readonly;
				GENERATE_INFOPLIST_FILE = YES;
				INFOPLIST_KEY_NSHumanReadableCopyright = "";
				LD_RUNPATH_SEARCH_PATHS = (
					"$(inherited)",
					"@executable_path/../Frameworks",
				);
				MACOSX_DEPLOYMENT_TARGET = 11.0;
				MARKETING_VERSION = 1.0;
				PRODUCT_BUNDLE_IDENTIFIER = "com.slusarzjan.Light-Navigation-Architecture-on-Mac";
				PRODUCT_NAME = Light_Navigation_Architecture_on_Mac;
				SDKROOT = macosx;
				SWIFT_EMIT_LOC_STRINGS = YES;
				SWIFT_VERSION = 5.0;
			};
			name = Debug;
		};
		CEB80F8726B91344000D317B /* Release */ = {
			isa = XCBuildConfiguration;
			buildSettings = {
				ASSETCATALOG_COMPILER_APPICON_NAME = AppIcon;
				ASSETCATALOG_COMPILER_GLOBAL_ACCENT_COLOR_NAME = AccentColor;
				CODE_SIGN_STYLE = Automatic;
				COMBINE_HIDPI_IMAGES = YES;
				CURRENT_PROJECT_VERSION = 1;
				DEVELOPMENT_TEAM = ZY5FRQGFT8;
				ENABLE_APP_SANDBOX = YES;
				ENABLE_HARDENED_RUNTIME = YES;
				ENABLE_PREVIEWS = YES;
				ENABLE_USER_SELECTED_FILES = readonly;
				GENERATE_INFOPLIST_FILE = YES;
				INFOPLIST_KEY_NSHumanReadableCopyright = "";
				LD_RUNPATH_SEARCH_PATHS = (
					"$(inherited)",
					"@executable_path/../Frameworks",
				);
				MACOSX_DEPLOYMENT_TARGET = 11.0;
				MARKETING_VERSION = 1.0;
				PRODUCT_BUNDLE_IDENTIFIER = "com.slusarzjan.Light-Navigation-Architecture-on-Mac";
				PRODUCT_NAME = Light_Navigation_Architecture_on_Mac;
				SDKROOT = macosx;
				SWIFT_EMIT_LOC_STRINGS = YES;
				SWIFT_VERSION = 5.0;
			};
			name = Release;
		};
/* End XCBuildConfiguration section */

/* Begin XCConfigurationList section */
		CEB80F6A26B91343000D317B /* Build configuration list for PBXProject "Light_Navigation_Architecture_on_Mac" */ = {
			isa = XCConfigurationList;
			buildConfigurations = (
				CEB80F8026B91344000D317B /* Debug */,
				CEB80F8126B91344000D317B /* Release */,
			);
			defaultConfigurationIsVisible = 0;
			defaultConfigurationName = Release;
		};
		CEB80F8226B91344000D317B /* Build configuration list for PBXNativeTarget "Light_Navigation_Architecture_on_Mac (iOS)" */ = {
			isa = XCConfigurationList;
			buildConfigurations = (
				CEB80F8326B91344000D317B /* Debug */,
				CEB80F8426B91344000D317B /* Release */,
			);
			defaultConfigurationIsVisible = 0;
			defaultConfigurationName = Release;
		};
		CEB80F8526B91344000D317B /* Build configuration list for PBXNativeTarget "Light_Navigation_Architecture_on_Mac (macOS)" */ = {
			isa = XCConfigurationList;
			buildConfigurations = (
				CEB80F8626B91344000D317B /* Debug */,
				CEB80F8726B91344000D317B /* Release */,
			);
			defaultConfigurationIsVisible = 0;
			defaultConfigurationName = Release;
		};
/* End XCConfigurationList section */
	};
	rootObject = CEB80F6726B91343000D317B /* Project object */;
}
